PODS:
  - Flutter (1.0.0)
  - flutter_file_dialog (0.0.1):
    - Flutter
  - path_provider (0.0.1):
    - Flutter
  - widget_video_recorder (0.0.1):
    - Flutter

DEPENDENCIES:
  - Flutter (from `Flutter`)
  - flutter_file_dialog (from `.symlinks/plugins/flutter_file_dialog/ios`)
  - path_provider (from `.symlinks/plugins/path_provider/ios`)
  - widget_video_recorder (from `.symlinks/plugins/widget_video_recorder/ios`)

EXTERNAL SOURCES:
  Flutter:
    :path: Flutter
  flutter_file_dialog:
    :path: ".symlinks/plugins/flutter_file_dialog/ios"
  path_provider:
    :path: ".symlinks/plugins/path_provider/ios"
  widget_video_recorder:
    :path: ".symlinks/plugins/widget_video_recorder/ios"

SPEC CHECKSUMS:
  Flutter: 434fef37c0980e73bb6479ef766c45957d4b510c
  flutter_file_dialog: 34ab8c55c460c69cb70e75a8d74bfe8b5c852824
  path_provider: abfe2b5c733d04e238b0d8691db0cfd63a27a93c
  widget_video_recorder: 6a9f0335a667c10573a5bbf6b6a934e6f775a8ce

PODFILE CHECKSUM: cc1f88378b4bfcf93a6ce00d2c587857c6008d3b

COCOAPODS: 1.10.1
